
Microsoft Visual Studio Solution File, Format Version 12.00
# Visual Studio 15
Project("{FAE04EC0-301F-11D3-BF4B-00C04F79EFBC}") = "Assembly-CSharp", "Assembly-CSharp.csproj", "{369B6920-F112-3798-93C5-796581626864}"
EndProject
Project("{FAE04EC0-301F-11D3-BF4B-00C04F79EFBC}") = "Assembly-CSharp-firstpass", "Assembly-CSharp-firstpass.csproj", "{569A3475-3FFD-A228-1EB0-172FF2A28BFD}"
EndProject
Project("{FAE04EC0-301F-11D3-BF4B-00C04F79EFBC}") = "Unity.PlayerPrefsEditor.Samples.SampleScene", "Unity.PlayerPrefsEditor.Samples.SampleScene.csproj", "{1E711548-568B-D9E9-E2E2-5CD38F6212E7}"
EndProject
Project("{FAE04EC0-301F-11D3-BF4B-00C04F79EFBC}") = "Unity.PlayerPrefsEditor.Editor", "Unity.PlayerPrefsEditor.Editor.csproj", "{D1557CF0-57B4-BED3-3632-0E788D2E07C7}"
EndProject
Project("{FAE04EC0-301F-11D3-BF4B-00C04F79EFBC}") = "Assembly-CSharp-Editor", "Assembly-CSharp-Editor.csproj", "{71CC5613-4BF2-2A28-D8BB-0A536D31FA7F}"
EndProject
Project("{FAE04EC0-301F-11D3-BF4B-00C04F79EFBC}") = "Unity.PlayerPrefsEditor.EditorResources", "Unity.PlayerPrefsEditor.EditorResources.csproj", "{61CA5264-33D7-02F2-30A5-FC06D77677EE}"
EndProject
Global
	GlobalSection(SolutionConfigurationPlatforms) = preSolution
		Debug|Any CPU = Debug|Any CPU
		Release|Any CPU = Release|Any CPU
	EndGlobalSection
	GlobalSection(ProjectConfigurationPlatforms) = postSolution
		{369B6920-F112-3798-93C5-796581626864}.Debug|Any CPU.ActiveCfg = Debug|Any CPU
		{369B6920-F112-3798-93C5-796581626864}.Debug|Any CPU.Build.0 = Debug|Any CPU
		{369B6920-F112-3798-93C5-796581626864}.Release|Any CPU.ActiveCfg = Release|Any CPU
		{369B6920-F112-3798-93C5-796581626864}.Release|Any CPU.Build.0 = Release|Any CPU
		{569A3475-3FFD-A228-1EB0-172FF2A28BFD}.Debug|Any CPU.ActiveCfg = Debug|Any CPU
		{569A3475-3FFD-A228-1EB0-172FF2A28BFD}.Debug|Any CPU.Build.0 = Debug|Any CPU
		{569A3475-3FFD-A228-1EB0-172FF2A28BFD}.Release|Any CPU.ActiveCfg = Release|Any CPU
		{569A3475-3FFD-A228-1EB0-172FF2A28BFD}.Release|Any CPU.Build.0 = Release|Any CPU
		{1E711548-568B-D9E9-E2E2-5CD38F6212E7}.Debug|Any CPU.ActiveCfg = Debug|Any CPU
		{1E711548-568B-D9E9-E2E2-5CD38F6212E7}.Debug|Any CPU.Build.0 = Debug|Any CPU
		{1E711548-568B-D9E9-E2E2-5CD38F6212E7}.Release|Any CPU.ActiveCfg = Release|Any CPU
		{1E711548-568B-D9E9-E2E2-5CD38F6212E7}.Release|Any CPU.Build.0 = Release|Any CPU
		{D1557CF0-57B4-BED3-3632-0E788D2E07C7}.Debug|Any CPU.ActiveCfg = Debug|Any CPU
		{D1557CF0-57B4-BED3-3632-0E788D2E07C7}.Debug|Any CPU.Build.0 = Debug|Any CPU
		{D1557CF0-57B4-BED3-3632-0E788D2E07C7}.Release|Any CPU.ActiveCfg = Release|Any CPU
		{D1557CF0-57B4-BED3-3632-0E788D2E07C7}.Release|Any CPU.Build.0 = Release|Any CPU
		{71CC5613-4BF2-2A28-D8BB-0A536D31FA7F}.Debug|Any CPU.ActiveCfg = Debug|Any CPU
		{71CC5613-4BF2-2A28-D8BB-0A536D31FA7F}.Debug|Any CPU.Build.0 = Debug|Any CPU
		{71CC5613-4BF2-2A28-D8BB-0A536D31FA7F}.Release|Any CPU.ActiveCfg = Release|Any CPU
		{71CC5613-4BF2-2A28-D8BB-0A536D31FA7F}.Release|Any CPU.Build.0 = Release|Any CPU
		{61CA5264-33D7-02F2-30A5-FC06D77677EE}.Debug|Any CPU.ActiveCfg = Debug|Any CPU
		{61CA5264-33D7-02F2-30A5-FC06D77677EE}.Debug|Any CPU.Build.0 = Debug|Any CPU
		{61CA5264-33D7-02F2-30A5-FC06D77677EE}.Release|Any CPU.ActiveCfg = Release|Any CPU
		{61CA5264-33D7-02F2-30A5-FC06D77677EE}.Release|Any CPU.Build.0 = Release|Any CPU
	EndGlobalSection
	GlobalSection(SolutionProperties) = preSolution
		HideSolutionNode = FALSE
	EndGlobalSection
EndGlobal
